
Microsoft Visual Studio Solution File, Format Version 12.00
# Visual Studio Version 16
VisualStudioVersion = 16.0.31624.102
MinimumVisualStudioVersion = 10.0.40219.1
Project("{FAE04EC0-301F-11D3-BF4B-00C04F79EFBC}") = "TraversalApiProject", "TraversalApiProject\TraversalApiProject.csproj", "{CAB675ED-709E-4A54-8017-41E7DDA0BCBD}"
EndProject
Global
	GlobalSection(SolutionConfigurationPlatforms) = preSolution
		Debug|Any CPU = Debug|Any CPU
		Release|Any CPU = Release|Any CPU
	EndGlobalSection
	GlobalSection(ProjectConfigurationPlatforms) = postSolution
		{CAB675ED-709E-4A54-8017-41E7DDA0BCBD}.Debug|Any CPU.ActiveCfg = Debug|Any CPU
		{CAB675ED-709E-4A54-8017-41E7DDA0BCBD}.Debug|Any CPU.Build.0 = Debug|Any CPU
		{CAB675ED-709E-4A54-8017-41E7DDA0BCBD}.Release|Any CPU.ActiveCfg = Release|Any CPU
		{CAB675ED-709E-4A54-8017-41E7DDA0BCBD}.Release|Any CPU.Build.0 = Release|Any CPU
	EndGlobalSection
	GlobalSection(SolutionProperties) = preSolution
		HideSolutionNode = FALSE
	EndGlobalSection
	GlobalSection(ExtensibilityGlobals) = postSolution
		SolutionGuid = {B00BCB47-692F-4FC8-A49E-40A7A911A458}
	EndGlobalSection
EndGlobal
